
Microsoft Visual Studio Solution File, Format Version 12.00
# Visual Studio Version 17
VisualStudioVersion = 17.14.36414.22
MinimumVisualStudioVersion = 10.0.40219.1
Project("{2150E333-8FDC-42A3-9474-1A3956D46DE8}") = "src", "src", "{02EA681E-C7D8-13C7-8484-4AC65E1B71E8}"
EndProject
Project("{2150E333-8FDC-42A3-9474-1A3956D46DE8}") = "ApiGateways", "ApiGateways", "{969543FE-4900-437D-A011-0EEF32960C84}"
EndProject
Project("{2150E333-8FDC-42A3-9474-1A3956D46DE8}") = "Services", "Services", "{B56A9545-91D4-4C5C-A67C-FF3DAFFE1F88}"
EndProject
Project("{2150E333-8FDC-42A3-9474-1A3956D46DE8}") = "BuildingBlocks", "BuildingBlocks", "{079588AA-9AD3-4E1B-BD4A-6E8B9CF096D0}"
EndProject
Project("{FAE04EC0-301F-11D3-BF4B-00C04F79EFBC}") = "AgentPortalGateway.API", "AgentPortalGateway.API\AgentPortalGateway.API.csproj", "{1F05F0EF-078C-4287-8709-D3218D9ABF7C}"
EndProject
Project("{FAE04EC0-301F-11D3-BF4B-00C04F79EFBC}") = "AgentPortalGateway.Implementation", "AgentPortalGateway.Implementation\AgentPortalGateway.Implementation.csproj", "{B009D5DB-6D69-460B-AEC2-9A2FE7CC987D}"
EndProject
Project("{FAE04EC0-301F-11D3-BF4B-00C04F79EFBC}") = "AgentPortalGateway.Tests", "AgentPortalGateway.Tests\AgentPortalGateway.Tests.csproj", "{81C91AC2-F61A-4FBF-934F-2CF94B0E50D2}"
EndProject
Project("{2150E333-8FDC-42A3-9474-1A3956D46DE8}") = "Policy", "Policy", "{6517B3BB-8F95-4D00-9C08-5A8A12317B5C}"
EndProject
Project("{FAE04EC0-301F-11D3-BF4B-00C04F79EFBC}") = "Policy.Implementation", "Policy.Implementation\Policy.Implementation.csproj", "{C652F2C1-967F-457F-828D-2FF9147FC320}"
EndProject
Project("{FAE04EC0-301F-11D3-BF4B-00C04F79EFBC}") = "Policy.Tests", "Policy.Tests\Policy.Tests.csproj", "{54D58FE5-1FBC-40F7-AAF1-CB42D5FFBBDE}"
EndProject
Project("{2150E333-8FDC-42A3-9474-1A3956D46DE8}") = "Chat", "Chat", "{E094651A-5CCC-41D7-B169-FD833620DAEB}"
EndProject
Project("{FAE04EC0-301F-11D3-BF4B-00C04F79EFBC}") = "Chat.Implementation", "Chat.Implementation\Chat.Implementation.csproj", "{2B66B3C9-103D-44B3-BD17-B36654B3AC1D}"
EndProject
Project("{FAE04EC0-301F-11D3-BF4B-00C04F79EFBC}") = "Chat.Tests", "Chat.Tests\Chat.Tests.csproj", "{180E8B3D-CAB6-4B41-B93D-E942F220005C}"
EndProject
Project("{2150E333-8FDC-42A3-9474-1A3956D46DE8}") = "Auth", "Auth", "{81734EF0-2120-462E-A499-E2730309B669}"
EndProject
Project("{FAE04EC0-301F-11D3-BF4B-00C04F79EFBC}") = "Auth.Implementation", "Auth.Implementation\Auth.Implementation.csproj", "{5F8C92B9-CF6F-4BCB-AD0A-F7F4833BA885}"
EndProject
Project("{FAE04EC0-301F-11D3-BF4B-00C04F79EFBC}") = "Auth.Tests", "Auth.Tests\Auth.Tests.csproj", "{0783059B-FEAC-4ADC-938C-4BD650B5DB77}"
EndProject
Project("{2150E333-8FDC-42A3-9474-1A3956D46DE8}") = "Product", "Product", "{5C427F1D-2D88-485E-92E4-143A5445DE97}"
EndProject
Project("{FAE04EC0-301F-11D3-BF4B-00C04F79EFBC}") = "Product.Implementation", "Product.Implementation\Product.Implementation.csproj", "{C0F7E991-E308-43D7-B5AF-8A5A63A92B53}"
EndProject
Project("{FAE04EC0-301F-11D3-BF4B-00C04F79EFBC}") = "Product.Tests", "Product.Tests\Product.Tests.csproj", "{C4B0C8C0-2629-4A35-9B00-F6E0AB88BDB5}"
EndProject
Project("{2150E333-8FDC-42A3-9474-1A3956D46DE8}") = "Pricing", "Pricing", "{88943D06-59E3-43B8-AB99-76E102203090}"
EndProject
Project("{FAE04EC0-301F-11D3-BF4B-00C04F79EFBC}") = "Pricing.Implementation", "Pricing.Implementation\Pricing.Implementation.csproj", "{DD495D72-5EC3-41B7-8331-F964F6EE883B}"
EndProject
Project("{FAE04EC0-301F-11D3-BF4B-00C04F79EFBC}") = "Pricing.Tests", "Pricing.Tests\Pricing.Tests.csproj", "{1B3593C6-F1D6-4E8A-9551-2ABB5D8E62CC}"
EndProject
Project("{2150E333-8FDC-42A3-9474-1A3956D46DE8}") = "PolicySearch", "PolicySearch", "{8EDBF9EC-D769-40C3-91E9-C86ACCDD5F0C}"
EndProject
Project("{FAE04EC0-301F-11D3-BF4B-00C04F79EFBC}") = "PolicySearch.Implementation", "PolicySearch.Implementation\PolicySearch.Implementation.csproj", "{6C430A19-F19B-456C-B251-832DC3A3725F}"
EndProject
Project("{FAE04EC0-301F-11D3-BF4B-00C04F79EFBC}") = "PolicySearch.Tests", "PolicySearch.Tests\PolicySearch.Tests.csproj", "{33EA5F00-4681-4197-BA40-8275BE8CE82E}"
EndProject
Project("{2150E333-8FDC-42A3-9474-1A3956D46DE8}") = "Payment", "Payment", "{4B9FF918-A81D-4FEF-A9DC-45EBD062A832}"
EndProject
Project("{FAE04EC0-301F-11D3-BF4B-00C04F79EFBC}") = "Payment.Implementation", "Payment.Implementation\Payment.Implementation.csproj", "{5124E87A-528D-421B-86B0-47763ECCDF0B}"
EndProject
Project("{FAE04EC0-301F-11D3-BF4B-00C04F79EFBC}") = "Payment.Tests", "Payment.Tests\Payment.Tests.csproj", "{5809D19C-3C7D-4B89-A0CC-B28F0FD948C5}"
EndProject
Project("{2150E333-8FDC-42A3-9474-1A3956D46DE8}") = "Document", "Document", "{C8CFA1AB-608B-4D02-8744-4D320EB07DC6}"
EndProject
Project("{FAE04EC0-301F-11D3-BF4B-00C04F79EFBC}") = "Document.Implementation", "Document.Implementation\Document.Implementation.csproj", "{7A27DBF9-86C2-4485-87F0-45CBCDBC5180}"
EndProject
Project("{FAE04EC0-301F-11D3-BF4B-00C04F79EFBC}") = "Document.Tests", "Document.Tests\Document.Tests.csproj", "{0D6182FE-B614-4569-9593-253789AE7932}"
EndProject
Project("{FAE04EC0-301F-11D3-BF4B-00C04F79EFBC}") = "EventBus", "EventBus\EventBus.csproj", "{7A1F6D8A-B5D3-4E53-9280-765B48EC4A4D}"
EndProject
Project("{FAE04EC0-301F-11D3-BF4B-00C04F79EFBC}") = "SharedKernel", "SharedKernel\SharedKernel.csproj", "{02E89E3D-1CCE-488A-B9AF-B0DDC988A568}"
EndProject
Project("{FAE04EC0-301F-11D3-BF4B-00C04F79EFBC}") = "Common", "Common\Common.csproj", "{479931FD-7A3C-4FFC-9443-26F16854E56B}"
EndProject
Project("{FAE04EC0-301F-11D3-BF4B-00C04F79EFBC}") = "Auth.API", "Auth.API\Auth.API.csproj", "{70A4C41C-A294-4222-9A17-5243C982ACB7}"
EndProject
Project("{FAE04EC0-301F-11D3-BF4B-00C04F79EFBC}") = "Chat.API", "Chat.API\Chat.API.csproj", "{2C2E0535-446A-4B14-88FE-413FBC724E70}"
EndProject
Project("{FAE04EC0-301F-11D3-BF4B-00C04F79EFBC}") = "Document.API", "Document.API\Document.API.csproj", "{C62D0B98-722E-4316-869C-D6D409E64F64}"
EndProject
Project("{FAE04EC0-301F-11D3-BF4B-00C04F79EFBC}") = "Payment.API", "Payment.API\Payment.API.csproj", "{FC5111CE-C10D-400F-87B7-FC83730ADC8B}"
EndProject
Project("{FAE04EC0-301F-11D3-BF4B-00C04F79EFBC}") = "Policy.API", "Policy.API\Policy.API.csproj", "{85CE722B-8305-45F2-A2D2-4CDC1FF5E729}"
EndProject
Project("{FAE04EC0-301F-11D3-BF4B-00C04F79EFBC}") = "PolicySearch.API", "PolicySearch.API\PolicySearch.API.csproj", "{0901646B-8E07-4CCD-8087-2D605C04744F}"
EndProject
Project("{FAE04EC0-301F-11D3-BF4B-00C04F79EFBC}") = "Pricing.API", "Pricing.API\Pricing.API.csproj", "{733D9E33-C994-4D7E-8F34-38ABEC6BF23A}"
EndProject
Project("{FAE04EC0-301F-11D3-BF4B-00C04F79EFBC}") = "Product.API", "Product.API\Product.API.csproj", "{4065D7CE-9DFF-4C9B-8A4B-D7563E1D35A5}"
EndProject
Project("{2150E333-8FDC-42A3-9474-1A3956D46DE8}") = "postgres", "postgres", "{B3530705-7F25-42EB-85E4-EA33CE4A2FDB}"
	ProjectSection(SolutionItems) = preProject
		..\postgres\postgres\createdatabases.sql = ..\postgres\postgres\createdatabases.sql
		..\postgres\postgres\Dockerfile = ..\postgres\postgres\Dockerfile
	EndProjectSection
EndProject
Project("{E24C65DC-7377-472B-9ABA-BC803B73C61A}") = "BlazorWasmClient", "..\BlazorWasmClient\", "{DD093E98-F8E1-3217-59DD-5ADF630C35D9}"
	ProjectSection(WebsiteProperties) = preProject
		TargetFrameworkMoniker = ".NETFramework,Version%3Dv4.8.1"
		Debug.AspNetCompiler.VirtualPath = "/localhost_63464"
		Debug.AspNetCompiler.PhysicalPath = "..\BlazorWasmClient\"
		Debug.AspNetCompiler.TargetPath = "PrecompiledWeb\localhost_63464\"
		Debug.AspNetCompiler.Updateable = "true"
		Debug.AspNetCompiler.ForceOverwrite = "true"
		Debug.AspNetCompiler.FixedNames = "false"
		Debug.AspNetCompiler.Debug = "True"
		Release.AspNetCompiler.VirtualPath = "/localhost_63464"
		Release.AspNetCompiler.PhysicalPath = "..\BlazorWasmClient\"
		Release.AspNetCompiler.TargetPath = "PrecompiledWeb\localhost_63464\"
		Release.AspNetCompiler.Updateable = "true"
		Release.AspNetCompiler.ForceOverwrite = "true"
		Release.AspNetCompiler.FixedNames = "false"
		Release.AspNetCompiler.Debug = "False"
		VWDPort = "63464"
	EndProjectSection
EndProject
Project("{E24C65DC-7377-472B-9ABA-BC803B73C61A}") = "scripts", "..\scripts\", "{12468B30-4DB0-4F9A-0292-99A1DD7D0DF0}"
	ProjectSection(WebsiteProperties) = preProject
		TargetFrameworkMoniker = ".NETFramework,Version%3Dv4.8.1"
		Debug.AspNetCompiler.VirtualPath = "/localhost_63465"
		Debug.AspNetCompiler.PhysicalPath = "..\scripts\"
		Debug.AspNetCompiler.TargetPath = "PrecompiledWeb\localhost_63465\"
		Debug.AspNetCompiler.Updateable = "true"
		Debug.AspNetCompiler.ForceOverwrite = "true"
		Debug.AspNetCompiler.FixedNames = "false"
		Debug.AspNetCompiler.Debug = "True"
		Release.AspNetCompiler.VirtualPath = "/localhost_63465"
		Release.AspNetCompiler.PhysicalPath = "..\scripts\"
		Release.AspNetCompiler.TargetPath = "PrecompiledWeb\localhost_63465\"
		Release.AspNetCompiler.Updateable = "true"
		Release.AspNetCompiler.ForceOverwrite = "true"
		Release.AspNetCompiler.FixedNames = "false"
		Release.AspNetCompiler.Debug = "False"
		VWDPort = "63465"
	EndProjectSection
EndProject
Project("{E24C65DC-7377-472B-9ABA-BC803B73C61A}") = "Web", "..\Web\", "{14E6C5C2-EEF7-24DD-F17B-FC530F5939AB}"
	ProjectSection(WebsiteProperties) = preProject
		TargetFrameworkMoniker = ".NETFramework,Version%3Dv4.8.1"
		Debug.AspNetCompiler.VirtualPath = "/localhost_63468"
		Debug.AspNetCompiler.PhysicalPath = "..\Web\"
		Debug.AspNetCompiler.TargetPath = "PrecompiledWeb\localhost_63468\"
		Debug.AspNetCompiler.Updateable = "true"
		Debug.AspNetCompiler.ForceOverwrite = "true"
		Debug.AspNetCompiler.FixedNames = "false"
		Debug.AspNetCompiler.Debug = "True"
		Release.AspNetCompiler.VirtualPath = "/localhost_63468"
		Release.AspNetCompiler.PhysicalPath = "..\Web\"
		Release.AspNetCompiler.TargetPath = "PrecompiledWeb\localhost_63468\"
		Release.AspNetCompiler.Updateable = "true"
		Release.AspNetCompiler.ForceOverwrite = "true"
		Release.AspNetCompiler.FixedNames = "false"
		Release.AspNetCompiler.Debug = "False"
		VWDPort = "63468"
	EndProjectSection
EndProject
Project("{E24C65DC-7377-472B-9ABA-BC803B73C61A}") = "eureka-server", "..\eureka-server\", "{BFFDA2A2-2B00-6CF8-7503-7CBDA22F97BC}"
	ProjectSection(WebsiteProperties) = preProject
		TargetFrameworkMoniker = ".NETFramework,Version%3Dv4.8.1"
		Debug.AspNetCompiler.VirtualPath = "/localhost_65296"
		Debug.AspNetCompiler.PhysicalPath = "..\eureka-server\"
		Debug.AspNetCompiler.TargetPath = "PrecompiledWeb\localhost_65296\"
		Debug.AspNetCompiler.Updateable = "true"
		Debug.AspNetCompiler.ForceOverwrite = "true"
		Debug.AspNetCompiler.FixedNames = "false"
		Debug.AspNetCompiler.Debug = "True"
		Release.AspNetCompiler.VirtualPath = "/localhost_65296"
		Release.AspNetCompiler.PhysicalPath = "..\eureka-server\"
		Release.AspNetCompiler.TargetPath = "PrecompiledWeb\localhost_65296\"
		Release.AspNetCompiler.Updateable = "true"
		Release.AspNetCompiler.ForceOverwrite = "true"
		Release.AspNetCompiler.FixedNames = "false"
		Release.AspNetCompiler.Debug = "False"
		VWDPort = "65296"
	EndProjectSection
EndProject
Global
	GlobalSection(SolutionConfigurationPlatforms) = preSolution
		Debug|Any CPU = Debug|Any CPU
		Release|Any CPU = Release|Any CPU
	EndGlobalSection
	GlobalSection(ProjectConfigurationPlatforms) = postSolution
		{1F05F0EF-078C-4287-8709-D3218D9ABF7C}.Debug|Any CPU.ActiveCfg = Debug|Any CPU
		{1F05F0EF-078C-4287-8709-D3218D9ABF7C}.Debug|Any CPU.Build.0 = Debug|Any CPU
		{1F05F0EF-078C-4287-8709-D3218D9ABF7C}.Release|Any CPU.ActiveCfg = Release|Any CPU
		{1F05F0EF-078C-4287-8709-D3218D9ABF7C}.Release|Any CPU.Build.0 = Release|Any CPU
		{B009D5DB-6D69-460B-AEC2-9A2FE7CC987D}.Debug|Any CPU.ActiveCfg = Debug|Any CPU
		{B009D5DB-6D69-460B-AEC2-9A2FE7CC987D}.Debug|Any CPU.Build.0 = Debug|Any CPU
		{B009D5DB-6D69-460B-AEC2-9A2FE7CC987D}.Release|Any CPU.ActiveCfg = Release|Any CPU
		{B009D5DB-6D69-460B-AEC2-9A2FE7CC987D}.Release|Any CPU.Build.0 = Release|Any CPU
		{81C91AC2-F61A-4FBF-934F-2CF94B0E50D2}.Debug|Any CPU.ActiveCfg = Debug|Any CPU
		{81C91AC2-F61A-4FBF-934F-2CF94B0E50D2}.Debug|Any CPU.Build.0 = Debug|Any CPU
		{81C91AC2-F61A-4FBF-934F-2CF94B0E50D2}.Release|Any CPU.ActiveCfg = Release|Any CPU
		{81C91AC2-F61A-4FBF-934F-2CF94B0E50D2}.Release|Any CPU.Build.0 = Release|Any CPU
		{C652F2C1-967F-457F-828D-2FF9147FC320}.Debug|Any CPU.ActiveCfg = Debug|Any CPU
		{C652F2C1-967F-457F-828D-2FF9147FC320}.Debug|Any CPU.Build.0 = Debug|Any CPU
		{C652F2C1-967F-457F-828D-2FF9147FC320}.Release|Any CPU.ActiveCfg = Release|Any CPU
		{C652F2C1-967F-457F-828D-2FF9147FC320}.Release|Any CPU.Build.0 = Release|Any CPU
		{54D58FE5-1FBC-40F7-AAF1-CB42D5FFBBDE}.Debug|Any CPU.ActiveCfg = Debug|Any CPU
		{54D58FE5-1FBC-40F7-AAF1-CB42D5FFBBDE}.Debug|Any CPU.Build.0 = Debug|Any CPU
		{54D58FE5-1FBC-40F7-AAF1-CB42D5FFBBDE}.Release|Any CPU.ActiveCfg = Release|Any CPU
		{54D58FE5-1FBC-40F7-AAF1-CB42D5FFBBDE}.Release|Any CPU.Build.0 = Release|Any CPU
		{2B66B3C9-103D-44B3-BD17-B36654B3AC1D}.Debug|Any CPU.ActiveCfg = Debug|Any CPU
		{2B66B3C9-103D-44B3-BD17-B36654B3AC1D}.Debug|Any CPU.Build.0 = Debug|Any CPU
		{2B66B3C9-103D-44B3-BD17-B36654B3AC1D}.Release|Any CPU.ActiveCfg = Release|Any CPU
		{2B66B3C9-103D-44B3-BD17-B36654B3AC1D}.Release|Any CPU.Build.0 = Release|Any CPU
		{180E8B3D-CAB6-4B41-B93D-E942F220005C}.Debug|Any CPU.ActiveCfg = Debug|Any CPU
		{180E8B3D-CAB6-4B41-B93D-E942F220005C}.Debug|Any CPU.Build.0 = Debug|Any CPU
		{180E8B3D-CAB6-4B41-B93D-E942F220005C}.Release|Any CPU.ActiveCfg = Release|Any CPU
		{180E8B3D-CAB6-4B41-B93D-E942F220005C}.Release|Any CPU.Build.0 = Release|Any CPU
		{5F8C92B9-CF6F-4BCB-AD0A-F7F4833BA885}.Debug|Any CPU.ActiveCfg = Debug|Any CPU
		{5F8C92B9-CF6F-4BCB-AD0A-F7F4833BA885}.Debug|Any CPU.Build.0 = Debug|Any CPU
		{5F8C92B9-CF6F-4BCB-AD0A-F7F4833BA885}.Release|Any CPU.ActiveCfg = Release|Any CPU
		{5F8C92B9-CF6F-4BCB-AD0A-F7F4833BA885}.Release|Any CPU.Build.0 = Release|Any CPU
		{0783059B-FEAC-4ADC-938C-4BD650B5DB77}.Debug|Any CPU.ActiveCfg = Debug|Any CPU
		{0783059B-FEAC-4ADC-938C-4BD650B5DB77}.Debug|Any CPU.Build.0 = Debug|Any CPU
		{0783059B-FEAC-4ADC-938C-4BD650B5DB77}.Release|Any CPU.ActiveCfg = Release|Any CPU
		{0783059B-FEAC-4ADC-938C-4BD650B5DB77}.Release|Any CPU.Build.0 = Release|Any CPU
		{C0F7E991-E308-43D7-B5AF-8A5A63A92B53}.Debug|Any CPU.ActiveCfg = Debug|Any CPU
		{C0F7E991-E308-43D7-B5AF-8A5A63A92B53}.Debug|Any CPU.Build.0 = Debug|Any CPU
		{C0F7E991-E308-43D7-B5AF-8A5A63A92B53}.Release|Any CPU.ActiveCfg = Release|Any CPU
		{C0F7E991-E308-43D7-B5AF-8A5A63A92B53}.Release|Any CPU.Build.0 = Release|Any CPU
		{C4B0C8C0-2629-4A35-9B00-F6E0AB88BDB5}.Debug|Any CPU.ActiveCfg = Debug|Any CPU
		{C4B0C8C0-2629-4A35-9B00-F6E0AB88BDB5}.Debug|Any CPU.Build.0 = Debug|Any CPU
		{C4B0C8C0-2629-4A35-9B00-F6E0AB88BDB5}.Release|Any CPU.ActiveCfg = Release|Any CPU
		{C4B0C8C0-2629-4A35-9B00-F6E0AB88BDB5}.Release|Any CPU.Build.0 = Release|Any CPU
		{DD495D72-5EC3-41B7-8331-F964F6EE883B}.Debug|Any CPU.ActiveCfg = Debug|Any CPU
		{DD495D72-5EC3-41B7-8331-F964F6EE883B}.Debug|Any CPU.Build.0 = Debug|Any CPU
		{DD495D72-5EC3-41B7-8331-F964F6EE883B}.Release|Any CPU.ActiveCfg = Release|Any CPU
		{DD495D72-5EC3-41B7-8331-F964F6EE883B}.Release|Any CPU.Build.0 = Release|Any CPU
		{1B3593C6-F1D6-4E8A-9551-2ABB5D8E62CC}.Debug|Any CPU.ActiveCfg = Debug|Any CPU
		{1B3593C6-F1D6-4E8A-9551-2ABB5D8E62CC}.Debug|Any CPU.Build.0 = Debug|Any CPU
		{1B3593C6-F1D6-4E8A-9551-2ABB5D8E62CC}.Release|Any CPU.ActiveCfg = Release|Any CPU
		{1B3593C6-F1D6-4E8A-9551-2ABB5D8E62CC}.Release|Any CPU.Build.0 = Release|Any CPU
		{6C430A19-F19B-456C-B251-832DC3A3725F}.Debug|Any CPU.ActiveCfg = Debug|Any CPU
		{6C430A19-F19B-456C-B251-832DC3A3725F}.Debug|Any CPU.Build.0 = Debug|Any CPU
		{6C430A19-F19B-456C-B251-832DC3A3725F}.Release|Any CPU.ActiveCfg = Release|Any CPU
		{6C430A19-F19B-456C-B251-832DC3A3725F}.Release|Any CPU.Build.0 = Release|Any CPU
		{33EA5F00-4681-4197-BA40-8275BE8CE82E}.Debug|Any CPU.ActiveCfg = Debug|Any CPU
		{33EA5F00-4681-4197-BA40-8275BE8CE82E}.Debug|Any CPU.Build.0 = Debug|Any CPU
		{33EA5F00-4681-4197-BA40-8275BE8CE82E}.Release|Any CPU.ActiveCfg = Release|Any CPU
		{33EA5F00-4681-4197-BA40-8275BE8CE82E}.Release|Any CPU.Build.0 = Release|Any CPU
		{5124E87A-528D-421B-86B0-47763ECCDF0B}.Debug|Any CPU.ActiveCfg = Debug|Any CPU
		{5124E87A-528D-421B-86B0-47763ECCDF0B}.Debug|Any CPU.Build.0 = Debug|Any CPU
		{5124E87A-528D-421B-86B0-47763ECCDF0B}.Release|Any CPU.ActiveCfg = Release|Any CPU
		{5124E87A-528D-421B-86B0-47763ECCDF0B}.Release|Any CPU.Build.0 = Release|Any CPU
		{5809D19C-3C7D-4B89-A0CC-B28F0FD948C5}.Debug|Any CPU.ActiveCfg = Debug|Any CPU
		{5809D19C-3C7D-4B89-A0CC-B28F0FD948C5}.Debug|Any CPU.Build.0 = Debug|Any CPU
		{5809D19C-3C7D-4B89-A0CC-B28F0FD948C5}.Release|Any CPU.ActiveCfg = Release|Any CPU
		{5809D19C-3C7D-4B89-A0CC-B28F0FD948C5}.Release|Any CPU.Build.0 = Release|Any CPU
		{7A27DBF9-86C2-4485-87F0-45CBCDBC5180}.Debug|Any CPU.ActiveCfg = Debug|Any CPU
		{7A27DBF9-86C2-4485-87F0-45CBCDBC5180}.Debug|Any CPU.Build.0 = Debug|Any CPU
		{7A27DBF9-86C2-4485-87F0-45CBCDBC5180}.Release|Any CPU.ActiveCfg = Release|Any CPU
		{7A27DBF9-86C2-4485-87F0-45CBCDBC5180}.Release|Any CPU.Build.0 = Release|Any CPU
		{0D6182FE-B614-4569-9593-253789AE7932}.Debug|Any CPU.ActiveCfg = Debug|Any CPU
		{0D6182FE-B614-4569-9593-253789AE7932}.Debug|Any CPU.Build.0 = Debug|Any CPU
		{0D6182FE-B614-4569-9593-253789AE7932}.Release|Any CPU.ActiveCfg = Release|Any CPU
		{0D6182FE-B614-4569-9593-253789AE7932}.Release|Any CPU.Build.0 = Release|Any CPU
		{7A1F6D8A-B5D3-4E53-9280-765B48EC4A4D}.Debug|Any CPU.ActiveCfg = Debug|Any CPU
		{7A1F6D8A-B5D3-4E53-9280-765B48EC4A4D}.Debug|Any CPU.Build.0 = Debug|Any CPU
		{7A1F6D8A-B5D3-4E53-9280-765B48EC4A4D}.Release|Any CPU.ActiveCfg = Release|Any CPU
		{7A1F6D8A-B5D3-4E53-9280-765B48EC4A4D}.Release|Any CPU.Build.0 = Release|Any CPU
		{02E89E3D-1CCE-488A-B9AF-B0DDC988A568}.Debug|Any CPU.ActiveCfg = Debug|Any CPU
		{02E89E3D-1CCE-488A-B9AF-B0DDC988A568}.Debug|Any CPU.Build.0 = Debug|Any CPU
		{02E89E3D-1CCE-488A-B9AF-B0DDC988A568}.Release|Any CPU.ActiveCfg = Release|Any CPU
		{02E89E3D-1CCE-488A-B9AF-B0DDC988A568}.Release|Any CPU.Build.0 = Release|Any CPU
		{479931FD-7A3C-4FFC-9443-26F16854E56B}.Debug|Any CPU.ActiveCfg = Debug|Any CPU
		{479931FD-7A3C-4FFC-9443-26F16854E56B}.Debug|Any CPU.Build.0 = Debug|Any CPU
		{479931FD-7A3C-4FFC-9443-26F16854E56B}.Release|Any CPU.ActiveCfg = Release|Any CPU
		{479931FD-7A3C-4FFC-9443-26F16854E56B}.Release|Any CPU.Build.0 = Release|Any CPU
		{70A4C41C-A294-4222-9A17-5243C982ACB7}.Debug|Any CPU.ActiveCfg = Debug|Any CPU
		{70A4C41C-A294-4222-9A17-5243C982ACB7}.Debug|Any CPU.Build.0 = Debug|Any CPU
		{70A4C41C-A294-4222-9A17-5243C982ACB7}.Release|Any CPU.ActiveCfg = Release|Any CPU
		{70A4C41C-A294-4222-9A17-5243C982ACB7}.Release|Any CPU.Build.0 = Release|Any CPU
		{2C2E0535-446A-4B14-88FE-413FBC724E70}.Debug|Any CPU.ActiveCfg = Debug|Any CPU
		{2C2E0535-446A-4B14-88FE-413FBC724E70}.Debug|Any CPU.Build.0 = Debug|Any CPU
		{2C2E0535-446A-4B14-88FE-413FBC724E70}.Release|Any CPU.ActiveCfg = Release|Any CPU
		{2C2E0535-446A-4B14-88FE-413FBC724E70}.Release|Any CPU.Build.0 = Release|Any CPU
		{C62D0B98-722E-4316-869C-D6D409E64F64}.Debug|Any CPU.ActiveCfg = Debug|Any CPU
		{C62D0B98-722E-4316-869C-D6D409E64F64}.Debug|Any CPU.Build.0 = Debug|Any CPU
		{C62D0B98-722E-4316-869C-D6D409E64F64}.Release|Any CPU.ActiveCfg = Release|Any CPU
		{C62D0B98-722E-4316-869C-D6D409E64F64}.Release|Any CPU.Build.0 = Release|Any CPU
		{FC5111CE-C10D-400F-87B7-FC83730ADC8B}.Debug|Any CPU.ActiveCfg = Debug|Any CPU
		{FC5111CE-C10D-400F-87B7-FC83730ADC8B}.Debug|Any CPU.Build.0 = Debug|Any CPU
		{FC5111CE-C10D-400F-87B7-FC83730ADC8B}.Release|Any CPU.ActiveCfg = Release|Any CPU
		{FC5111CE-C10D-400F-87B7-FC83730ADC8B}.Release|Any CPU.Build.0 = Release|Any CPU
		{85CE722B-8305-45F2-A2D2-4CDC1FF5E729}.Debug|Any CPU.ActiveCfg = Debug|Any CPU
		{85CE722B-8305-45F2-A2D2-4CDC1FF5E729}.Debug|Any CPU.Build.0 = Debug|Any CPU
		{85CE722B-8305-45F2-A2D2-4CDC1FF5E729}.Release|Any CPU.ActiveCfg = Release|Any CPU
		{85CE722B-8305-45F2-A2D2-4CDC1FF5E729}.Release|Any CPU.Build.0 = Release|Any CPU
		{0901646B-8E07-4CCD-8087-2D605C04744F}.Debug|Any CPU.ActiveCfg = Debug|Any CPU
		{0901646B-8E07-4CCD-8087-2D605C04744F}.Debug|Any CPU.Build.0 = Debug|Any CPU
		{0901646B-8E07-4CCD-8087-2D605C04744F}.Release|Any CPU.ActiveCfg = Release|Any CPU
		{0901646B-8E07-4CCD-8087-2D605C04744F}.Release|Any CPU.Build.0 = Release|Any CPU
		{733D9E33-C994-4D7E-8F34-38ABEC6BF23A}.Debug|Any CPU.ActiveCfg = Debug|Any CPU
		{733D9E33-C994-4D7E-8F34-38ABEC6BF23A}.Debug|Any CPU.Build.0 = Debug|Any CPU
		{733D9E33-C994-4D7E-8F34-38ABEC6BF23A}.Release|Any CPU.ActiveCfg = Release|Any CPU
		{733D9E33-C994-4D7E-8F34-38ABEC6BF23A}.Release|Any CPU.Build.0 = Release|Any CPU
		{4065D7CE-9DFF-4C9B-8A4B-D7563E1D35A5}.Debug|Any CPU.ActiveCfg = Debug|Any CPU
		{4065D7CE-9DFF-4C9B-8A4B-D7563E1D35A5}.Debug|Any CPU.Build.0 = Debug|Any CPU
		{4065D7CE-9DFF-4C9B-8A4B-D7563E1D35A5}.Release|Any CPU.ActiveCfg = Release|Any CPU
		{4065D7CE-9DFF-4C9B-8A4B-D7563E1D35A5}.Release|Any CPU.Build.0 = Release|Any CPU
		{DD093E98-F8E1-3217-59DD-5ADF630C35D9}.Debug|Any CPU.ActiveCfg = Debug|Any CPU
		{DD093E98-F8E1-3217-59DD-5ADF630C35D9}.Debug|Any CPU.Build.0 = Debug|Any CPU
		{DD093E98-F8E1-3217-59DD-5ADF630C35D9}.Release|Any CPU.ActiveCfg = Debug|Any CPU
		{DD093E98-F8E1-3217-59DD-5ADF630C35D9}.Release|Any CPU.Build.0 = Debug|Any CPU
		{12468B30-4DB0-4F9A-0292-99A1DD7D0DF0}.Debug|Any CPU.ActiveCfg = Debug|Any CPU
		{12468B30-4DB0-4F9A-0292-99A1DD7D0DF0}.Debug|Any CPU.Build.0 = Debug|Any CPU
		{12468B30-4DB0-4F9A-0292-99A1DD7D0DF0}.Release|Any CPU.ActiveCfg = Debug|Any CPU
		{12468B30-4DB0-4F9A-0292-99A1DD7D0DF0}.Release|Any CPU.Build.0 = Debug|Any CPU
		{14E6C5C2-EEF7-24DD-F17B-FC530F5939AB}.Debug|Any CPU.ActiveCfg = Debug|Any CPU
		{14E6C5C2-EEF7-24DD-F17B-FC530F5939AB}.Debug|Any CPU.Build.0 = Debug|Any CPU
		{14E6C5C2-EEF7-24DD-F17B-FC530F5939AB}.Release|Any CPU.ActiveCfg = Debug|Any CPU
		{14E6C5C2-EEF7-24DD-F17B-FC530F5939AB}.Release|Any CPU.Build.0 = Debug|Any CPU
		{BFFDA2A2-2B00-6CF8-7503-7CBDA22F97BC}.Debug|Any CPU.ActiveCfg = Debug|Any CPU
		{BFFDA2A2-2B00-6CF8-7503-7CBDA22F97BC}.Debug|Any CPU.Build.0 = Debug|Any CPU
		{BFFDA2A2-2B00-6CF8-7503-7CBDA22F97BC}.Release|Any CPU.ActiveCfg = Debug|Any CPU
		{BFFDA2A2-2B00-6CF8-7503-7CBDA22F97BC}.Release|Any CPU.Build.0 = Debug|Any CPU
	EndGlobalSection
	GlobalSection(SolutionProperties) = preSolution
		HideSolutionNode = FALSE
	EndGlobalSection
	GlobalSection(NestedProjects) = preSolution
		{1F05F0EF-078C-4287-8709-D3218D9ABF7C} = {969543FE-4900-437D-A011-0EEF32960C84}
		{B009D5DB-6D69-460B-AEC2-9A2FE7CC987D} = {969543FE-4900-437D-A011-0EEF32960C84}
		{81C91AC2-F61A-4FBF-934F-2CF94B0E50D2} = {969543FE-4900-437D-A011-0EEF32960C84}
		{6517B3BB-8F95-4D00-9C08-5A8A12317B5C} = {B56A9545-91D4-4C5C-A67C-FF3DAFFE1F88}
		{C652F2C1-967F-457F-828D-2FF9147FC320} = {6517B3BB-8F95-4D00-9C08-5A8A12317B5C}
		{54D58FE5-1FBC-40F7-AAF1-CB42D5FFBBDE} = {6517B3BB-8F95-4D00-9C08-5A8A12317B5C}
		{E094651A-5CCC-41D7-B169-FD833620DAEB} = {B56A9545-91D4-4C5C-A67C-FF3DAFFE1F88}
		{2B66B3C9-103D-44B3-BD17-B36654B3AC1D} = {E094651A-5CCC-41D7-B169-FD833620DAEB}
		{180E8B3D-CAB6-4B41-B93D-E942F220005C} = {E094651A-5CCC-41D7-B169-FD833620DAEB}
		{81734EF0-2120-462E-A499-E2730309B669} = {B56A9545-91D4-4C5C-A67C-FF3DAFFE1F88}
		{5F8C92B9-CF6F-4BCB-AD0A-F7F4833BA885} = {81734EF0-2120-462E-A499-E2730309B669}
		{0783059B-FEAC-4ADC-938C-4BD650B5DB77} = {81734EF0-2120-462E-A499-E2730309B669}
		{5C427F1D-2D88-485E-92E4-143A5445DE97} = {B56A9545-91D4-4C5C-A67C-FF3DAFFE1F88}
		{C0F7E991-E308-43D7-B5AF-8A5A63A92B53} = {5C427F1D-2D88-485E-92E4-143A5445DE97}
		{C4B0C8C0-2629-4A35-9B00-F6E0AB88BDB5} = {5C427F1D-2D88-485E-92E4-143A5445DE97}
		{88943D06-59E3-43B8-AB99-76E102203090} = {B56A9545-91D4-4C5C-A67C-FF3DAFFE1F88}
		{DD495D72-5EC3-41B7-8331-F964F6EE883B} = {88943D06-59E3-43B8-AB99-76E102203090}
		{1B3593C6-F1D6-4E8A-9551-2ABB5D8E62CC} = {88943D06-59E3-43B8-AB99-76E102203090}
		{8EDBF9EC-D769-40C3-91E9-C86ACCDD5F0C} = {B56A9545-91D4-4C5C-A67C-FF3DAFFE1F88}
		{6C430A19-F19B-456C-B251-832DC3A3725F} = {8EDBF9EC-D769-40C3-91E9-C86ACCDD5F0C}
		{33EA5F00-4681-4197-BA40-8275BE8CE82E} = {8EDBF9EC-D769-40C3-91E9-C86ACCDD5F0C}
		{4B9FF918-A81D-4FEF-A9DC-45EBD062A832} = {B56A9545-91D4-4C5C-A67C-FF3DAFFE1F88}
		{5124E87A-528D-421B-86B0-47763ECCDF0B} = {4B9FF918-A81D-4FEF-A9DC-45EBD062A832}
		{5809D19C-3C7D-4B89-A0CC-B28F0FD948C5} = {4B9FF918-A81D-4FEF-A9DC-45EBD062A832}
		{C8CFA1AB-608B-4D02-8744-4D320EB07DC6} = {B56A9545-91D4-4C5C-A67C-FF3DAFFE1F88}
		{7A27DBF9-86C2-4485-87F0-45CBCDBC5180} = {C8CFA1AB-608B-4D02-8744-4D320EB07DC6}
		{0D6182FE-B614-4569-9593-253789AE7932} = {C8CFA1AB-608B-4D02-8744-4D320EB07DC6}
		{7A1F6D8A-B5D3-4E53-9280-765B48EC4A4D} = {079588AA-9AD3-4E1B-BD4A-6E8B9CF096D0}
		{02E89E3D-1CCE-488A-B9AF-B0DDC988A568} = {079588AA-9AD3-4E1B-BD4A-6E8B9CF096D0}
		{479931FD-7A3C-4FFC-9443-26F16854E56B} = {079588AA-9AD3-4E1B-BD4A-6E8B9CF096D0}
		{70A4C41C-A294-4222-9A17-5243C982ACB7} = {81734EF0-2120-462E-A499-E2730309B669}
		{2C2E0535-446A-4B14-88FE-413FBC724E70} = {E094651A-5CCC-41D7-B169-FD833620DAEB}
		{C62D0B98-722E-4316-869C-D6D409E64F64} = {C8CFA1AB-608B-4D02-8744-4D320EB07DC6}
		{FC5111CE-C10D-400F-87B7-FC83730ADC8B} = {4B9FF918-A81D-4FEF-A9DC-45EBD062A832}
		{85CE722B-8305-45F2-A2D2-4CDC1FF5E729} = {6517B3BB-8F95-4D00-9C08-5A8A12317B5C}
		{0901646B-8E07-4CCD-8087-2D605C04744F} = {8EDBF9EC-D769-40C3-91E9-C86ACCDD5F0C}
		{733D9E33-C994-4D7E-8F34-38ABEC6BF23A} = {88943D06-59E3-43B8-AB99-76E102203090}
		{4065D7CE-9DFF-4C9B-8A4B-D7563E1D35A5} = {5C427F1D-2D88-485E-92E4-143A5445DE97}
	EndGlobalSection
	GlobalSection(ExtensibilityGlobals) = postSolution
		SolutionGuid = {350114CF-EB57-409C-8DAC-B1C92727CE61}
	EndGlobalSection
EndGlobal
